// !$*UTF8*$!
{
	archiveVersion = 1;
	classes = {
	};
	objectVersion = 56;
	objects = {

/* Begin PBXBuildFile section */
		05BE628A2B45526400BAD63F /* WeatherViewController.swift in Sources */ = {isa = PBXBuildFile; fileRef = 05BE62892B45526400BAD63F /* WeatherViewController.swift */; };
		05BE628C2B45527900BAD63F /* WeatherBarButtonItem.swift in Sources */ = {isa = PBXBuildFile; fileRef = 05BE628B2B45527900BAD63F /* WeatherBarButtonItem.swift */; };
		12541C9E2B71F32B00951C9D /* LoginView.swift in Sources */ = {isa = PBXBuildFile; fileRef = 12541C9D2B71F32B00951C9D /* LoginView.swift */; };
		12541CA02B71F36A00951C9D /* LoginViewController.swift in Sources */ = {isa = PBXBuildFile; fileRef = 12541C9F2B71F36A00951C9D /* LoginViewController.swift */; };
		5619F98A2B431B9E00E86325 /* BrowseViewController.swift in Sources */ = {isa = PBXBuildFile; fileRef = 5619F9892B431B9E00E86325 /* BrowseViewController.swift */; };
		5619F98D2B432A8400E86325 /* BrowseCollectionViewCell.swift in Sources */ = {isa = PBXBuildFile; fileRef = 5619F98C2B432A8400E86325 /* BrowseCollectionViewCell.swift */; };
		5639272F2B3EAE1900A88D43 /* AppDelegate.swift in Sources */ = {isa = PBXBuildFile; fileRef = 5639272E2B3EAE1900A88D43 /* AppDelegate.swift */; };
		563927312B3EAE1900A88D43 /* SceneDelegate.swift in Sources */ = {isa = PBXBuildFile; fileRef = 563927302B3EAE1900A88D43 /* SceneDelegate.swift */; };
		563927332B3EAE1900A88D43 /* ViewController.swift in Sources */ = {isa = PBXBuildFile; fileRef = 563927322B3EAE1900A88D43 /* ViewController.swift */; };
		563927382B3EAE1A00A88D43 /* Assets.xcassets in Resources */ = {isa = PBXBuildFile; fileRef = 563927372B3EAE1A00A88D43 /* Assets.xcassets */; };
		5639273B2B3EAE1A00A88D43 /* LaunchScreen.storyboard in Resources */ = {isa = PBXBuildFile; fileRef = 563927392B3EAE1A00A88D43 /* LaunchScreen.storyboard */; };
		563927472B3EB8CE00A88D43 /* Then in Frameworks */ = {isa = PBXBuildFile; productRef = 563927462B3EB8CE00A88D43 /* Then */; };
		5639274A2B3EB90A00A88D43 /* SnapKit in Frameworks */ = {isa = PBXBuildFile; productRef = 563927492B3EB90A00A88D43 /* SnapKit */; };
		5639274C2B3EB90A00A88D43 /* SnapKit-Dynamic in Frameworks */ = {isa = PBXBuildFile; productRef = 5639274B2B3EB90A00A88D43 /* SnapKit-Dynamic */; };
		56B1F1F02B52D1BB0042E6F7 /* BrowseCollectionReusableView.swift in Sources */ = {isa = PBXBuildFile; fileRef = 56B1F1EF2B52D1BB0042E6F7 /* BrowseCollectionReusableView.swift */; };
/* End PBXBuildFile section */

/* Begin PBXFileReference section */
		05BE62892B45526400BAD63F /* WeatherViewController.swift */ = {isa = PBXFileReference; lastKnownFileType = sourcecode.swift; path = WeatherViewController.swift; sourceTree = "<group>"; };
		05BE628B2B45527900BAD63F /* WeatherBarButtonItem.swift */ = {isa = PBXFileReference; lastKnownFileType = sourcecode.swift; path = WeatherBarButtonItem.swift; sourceTree = "<group>"; };
		12541C9D2B71F32B00951C9D /* LoginView.swift */ = {isa = PBXFileReference; lastKnownFileType = sourcecode.swift; path = LoginView.swift; sourceTree = "<group>"; };
		12541C9F2B71F36A00951C9D /* LoginViewController.swift */ = {isa = PBXFileReference; lastKnownFileType = sourcecode.swift; path = LoginViewController.swift; sourceTree = "<group>"; };
		5619F9892B431B9E00E86325 /* BrowseViewController.swift */ = {isa = PBXFileReference; lastKnownFileType = sourcecode.swift; path = BrowseViewController.swift; sourceTree = "<group>"; };
		5619F98C2B432A8400E86325 /* BrowseCollectionViewCell.swift */ = {isa = PBXFileReference; lastKnownFileType = sourcecode.swift; path = BrowseCollectionViewCell.swift; sourceTree = "<group>"; };
		5639272B2B3EAE1900A88D43 /* HowsTheWear.app */ = {isa = PBXFileReference; explicitFileType = wrapper.application; includeInIndex = 0; path = HowsTheWear.app; sourceTree = BUILT_PRODUCTS_DIR; };
		5639272E2B3EAE1900A88D43 /* AppDelegate.swift */ = {isa = PBXFileReference; lastKnownFileType = sourcecode.swift; path = AppDelegate.swift; sourceTree = "<group>"; };
		563927302B3EAE1900A88D43 /* SceneDelegate.swift */ = {isa = PBXFileReference; lastKnownFileType = sourcecode.swift; path = SceneDelegate.swift; sourceTree = "<group>"; };
		563927322B3EAE1900A88D43 /* ViewController.swift */ = {isa = PBXFileReference; lastKnownFileType = sourcecode.swift; path = ViewController.swift; sourceTree = "<group>"; };
		563927372B3EAE1A00A88D43 /* Assets.xcassets */ = {isa = PBXFileReference; lastKnownFileType = folder.assetcatalog; path = Assets.xcassets; sourceTree = "<group>"; };
		5639273A2B3EAE1A00A88D43 /* Base */ = {isa = PBXFileReference; lastKnownFileType = file.storyboard; name = Base; path = Base.lproj/LaunchScreen.storyboard; sourceTree = "<group>"; };
		5639273C2B3EAE1A00A88D43 /* Info.plist */ = {isa = PBXFileReference; lastKnownFileType = text.plist.xml; path = Info.plist; sourceTree = "<group>"; };
		56B1F1EF2B52D1BB0042E6F7 /* BrowseCollectionReusableView.swift */ = {isa = PBXFileReference; lastKnownFileType = sourcecode.swift; path = BrowseCollectionReusableView.swift; sourceTree = "<group>"; };
/* End PBXFileReference section */

/* Begin PBXFrameworksBuildPhase section */
		563927282B3EAE1900A88D43 /* Frameworks */ = {
			isa = PBXFrameworksBuildPhase;
			buildActionMask = 2147483647;
			files = (
				563927472B3EB8CE00A88D43 /* Then in Frameworks */,
				5639274A2B3EB90A00A88D43 /* SnapKit in Frameworks */,
				5639274C2B3EB90A00A88D43 /* SnapKit-Dynamic in Frameworks */,
			);
			runOnlyForDeploymentPostprocessing = 0;
		};
/* End PBXFrameworksBuildPhase section */

/* Begin PBXGroup section */
		05BE62852B45521000BAD63F /* WeatherScene */ = {
			isa = PBXGroup;
			children = (
				05BE62882B45522700BAD63F /* Models */,
				05BE62872B45522200BAD63F /* Views */,
				05BE62862B45521D00BAD63F /* Controllers */,
			);
			path = WeatherScene;
			sourceTree = "<group>";
		};
		05BE62862B45521D00BAD63F /* Controllers */ = {
			isa = PBXGroup;
			children = (
				05BE62892B45526400BAD63F /* WeatherViewController.swift */,
			);
			path = Controllers;
			sourceTree = "<group>";
		};
		05BE62872B45522200BAD63F /* Views */ = {
			isa = PBXGroup;
			children = (
				05BE628B2B45527900BAD63F /* WeatherBarButtonItem.swift */,
			);
			path = Views;
			sourceTree = "<group>";
		};
		05BE62882B45522700BAD63F /* Models */ = {
			isa = PBXGroup;
			children = (
			);
			path = Models;
			sourceTree = "<group>";
		};
		12541C992B71F2E400951C9D /* SignUpScene */ = {
			isa = PBXGroup;
			children = (
				12541C9C2B71F30600951C9D /* Controllers */,
				12541C9B2B71F2FB00951C9D /* Views */,
				12541C9A2B71F2F100951C9D /* Models */,
			);
			path = SignUpScene;
			sourceTree = "<group>";
		};
		12541C9A2B71F2F100951C9D /* Models */ = {
			isa = PBXGroup;
			children = (
			);
			path = Models;
			sourceTree = "<group>";
		};
		12541C9B2B71F2FB00951C9D /* Views */ = {
			isa = PBXGroup;
			children = (
				12541C9D2B71F32B00951C9D /* LoginView.swift */,
			);
			path = Views;
			sourceTree = "<group>";
		};
		12541C9C2B71F30600951C9D /* Controllers */ = {
			isa = PBXGroup;
			children = (
				12541C9F2B71F36A00951C9D /* LoginViewController.swift */,
			);
			path = Controllers;
			sourceTree = "<group>";
		};
		5619F9872B431B7000E86325 /* BrowseScene */ = {
			isa = PBXGroup;
			children = (
				5619F98B2B432A7200E86325 /* Views */,
				5619F9882B431B8B00E86325 /* Controllers */,
			);
			path = BrowseScene;
			sourceTree = "<group>";
		};
		5619F9882B431B8B00E86325 /* Controllers */ = {
			isa = PBXGroup;
			children = (
				5619F9892B431B9E00E86325 /* BrowseViewController.swift */,
			);
			path = Controllers;
			sourceTree = "<group>";
		};
		5619F98B2B432A7200E86325 /* Views */ = {
			isa = PBXGroup;
			children = (
				5619F98C2B432A8400E86325 /* BrowseCollectionViewCell.swift */,
				56B1F1EF2B52D1BB0042E6F7 /* BrowseCollectionReusableView.swift */,
			);
			path = Views;
			sourceTree = "<group>";
		};
		563927222B3EAE1900A88D43 = {
			isa = PBXGroup;
			children = (
				5639272D2B3EAE1900A88D43 /* HowsTheWear */,
				5639272C2B3EAE1900A88D43 /* Products */,
			);
			sourceTree = "<group>";
		};
		5639272C2B3EAE1900A88D43 /* Products */ = {
			isa = PBXGroup;
			children = (
				5639272B2B3EAE1900A88D43 /* HowsTheWear.app */,
			);
			name = Products;
			sourceTree = "<group>";
		};
		5639272D2B3EAE1900A88D43 /* HowsTheWear */ = {
			isa = PBXGroup;
			children = (
				563927422B3EAE8C00A88D43 /* Sources */,
				563927432B3EAE9800A88D43 /* Resources */,
				563927322B3EAE1900A88D43 /* ViewController.swift */,
				5639273C2B3EAE1A00A88D43 /* Info.plist */,
			);
			path = HowsTheWear;
			sourceTree = "<group>";
		};
		563927422B3EAE8C00A88D43 /* Sources */ = {
			isa = PBXGroup;
			children = (
				12541C992B71F2E400951C9D /* SignUpScene */,
				563927442B3EAEF000A88D43 /* Application */,
				5640F1B62B402ED500D97C65 /* StyleScene */,
				05BE62852B45521000BAD63F /* WeatherScene */,
			);
			path = Sources;
			sourceTree = "<group>";
		};
		563927432B3EAE9800A88D43 /* Resources */ = {
			isa = PBXGroup;
			children = (
				563927392B3EAE1A00A88D43 /* LaunchScreen.storyboard */,
				563927372B3EAE1A00A88D43 /* Assets.xcassets */,
			);
			path = Resources;
			sourceTree = "<group>";
		};
		563927442B3EAEF000A88D43 /* Application */ = {
			isa = PBXGroup;
			children = (
				5639272E2B3EAE1900A88D43 /* AppDelegate.swift */,
				563927302B3EAE1900A88D43 /* SceneDelegate.swift */,
			);
			path = Application;
			sourceTree = "<group>";
		};
		5640F1B62B402ED500D97C65 /* StyleScene */ = {
			isa = PBXGroup;
			children = (
				5619F9872B431B7000E86325 /* BrowseScene */,
			);
			path = StyleScene;
			sourceTree = "<group>";
		};
/* End PBXGroup section */

/* Begin PBXNativeTarget section */
		5639272A2B3EAE1900A88D43 /* HowsTheWear */ = {
			isa = PBXNativeTarget;
			buildConfigurationList = 5639273F2B3EAE1A00A88D43 /* Build configuration list for PBXNativeTarget "HowsTheWear" */;
			buildPhases = (
				563927272B3EAE1900A88D43 /* Sources */,
				563927282B3EAE1900A88D43 /* Frameworks */,
				563927292B3EAE1900A88D43 /* Resources */,
			);
			buildRules = (
			);
			dependencies = (
			);
			name = HowsTheWear;
			packageProductDependencies = (
				563927462B3EB8CE00A88D43 /* Then */,
				563927492B3EB90A00A88D43 /* SnapKit */,
				5639274B2B3EB90A00A88D43 /* SnapKit-Dynamic */,
			);
			productName = HowsTheWear;
			productReference = 5639272B2B3EAE1900A88D43 /* HowsTheWear.app */;
			productType = "com.apple.product-type.application";
		};
/* End PBXNativeTarget section */

/* Begin PBXProject section */
		563927232B3EAE1900A88D43 /* Project object */ = {
			isa = PBXProject;
			attributes = {
				BuildIndependentTargetsInParallel = 1;
				LastSwiftUpdateCheck = 1510;
				LastUpgradeCheck = 1510;
				TargetAttributes = {
					5639272A2B3EAE1900A88D43 = {
						CreatedOnToolsVersion = 15.1;
					};
				};
			};
			buildConfigurationList = 563927262B3EAE1900A88D43 /* Build configuration list for PBXProject "HowsTheWear" */;
			compatibilityVersion = "Xcode 14.0";
			developmentRegion = en;
			hasScannedForEncodings = 0;
			knownRegions = (
				en,
				Base,
			);
			mainGroup = 563927222B3EAE1900A88D43;
			packageReferences = (
				563927452B3EB8CE00A88D43 /* XCRemoteSwiftPackageReference "Then" */,
				563927482B3EB90A00A88D43 /* XCRemoteSwiftPackageReference "SnapKit" */,
			);
			productRefGroup = 5639272C2B3EAE1900A88D43 /* Products */;
			projectDirPath = "";
			projectRoot = "";
			targets = (
				5639272A2B3EAE1900A88D43 /* HowsTheWear */,
			);
		};
/* End PBXProject section */

/* Begin PBXResourcesBuildPhase section */
		563927292B3EAE1900A88D43 /* Resources */ = {
			isa = PBXResourcesBuildPhase;
			buildActionMask = 2147483647;
			files = (
				5639273B2B3EAE1A00A88D43 /* LaunchScreen.storyboard in Resources */,
				563927382B3EAE1A00A88D43 /* Assets.xcassets in Resources */,
			);
			runOnlyForDeploymentPostprocessing = 0;
		};
/* End PBXResourcesBuildPhase section */

/* Begin PBXSourcesBuildPhase section */
		563927272B3EAE1900A88D43 /* Sources */ = {
			isa = PBXSourcesBuildPhase;
			buildActionMask = 2147483647;
			files = (
				5619F98D2B432A8400E86325 /* BrowseCollectionViewCell.swift in Sources */,
				563927332B3EAE1900A88D43 /* ViewController.swift in Sources */,
				05BE628A2B45526400BAD63F /* WeatherViewController.swift in Sources */,
				12541C9E2B71F32B00951C9D /* LoginView.swift in Sources */,
				5639272F2B3EAE1900A88D43 /* AppDelegate.swift in Sources */,
				05BE628C2B45527900BAD63F /* WeatherBarButtonItem.swift in Sources */,
				563927312B3EAE1900A88D43 /* SceneDelegate.swift in Sources */,
				56B1F1F02B52D1BB0042E6F7 /* BrowseCollectionReusableView.swift in Sources */,
				5619F98A2B431B9E00E86325 /* BrowseViewController.swift in Sources */,
				12541CA02B71F36A00951C9D /* LoginViewController.swift in Sources */,
			);
			runOnlyForDeploymentPostprocessing = 0;
		};
/* End PBXSourcesBuildPhase section */

/* Begin PBXVariantGroup section */
		563927392B3EAE1A00A88D43 /* LaunchScreen.storyboard */ = {
			isa = PBXVariantGroup;
			children = (
				5639273A2B3EAE1A00A88D43 /* Base */,
			);
			name = LaunchScreen.storyboard;
			sourceTree = "<group>";
		};
/* End PBXVariantGroup section */

/* Begin XCBuildConfiguration section */
		5639273D2B3EAE1A00A88D43 /* Debug */ = {
			isa = XCBuildConfiguration;
			buildSettings = {
				ALWAYS_SEARCH_USER_PATHS = NO;
				ASSETCATALOG_COMPILER_GENERATE_SWIFT_ASSET_SYMBOL_EXTENSIONS = YES;
				CLANG_ANALYZER_NONNULL = YES;
				CLANG_ANALYZER_NUMBER_OBJECT_CONVERSION = YES_AGGRESSIVE;
				CLANG_CXX_LANGUAGE_STANDARD = "gnu++20";
				CLANG_ENABLE_MODULES = YES;
				CLANG_ENABLE_OBJC_ARC = YES;
				CLANG_ENABLE_OBJC_WEAK = YES;
				CLANG_WARN_BLOCK_CAPTURE_AUTORELEASING = YES;
				CLANG_WARN_BOOL_CONVERSION = YES;
				CLANG_WARN_COMMA = YES;
				CLANG_WARN_CONSTANT_CONVERSION = YES;
				CLANG_WARN_DEPRECATED_OBJC_IMPLEMENTATIONS = YES;
				CLANG_WARN_DIRECT_OBJC_ISA_USAGE = YES_ERROR;
				CLANG_WARN_DOCUMENTATION_COMMENTS = YES;
				CLANG_WARN_EMPTY_BODY = YES;
				CLANG_WARN_ENUM_CONVERSION = YES;
				CLANG_WARN_INFINITE_RECURSION = YES;
				CLANG_WARN_INT_CONVERSION = YES;
				CLANG_WARN_NON_LITERAL_NULL_CONVERSION = YES;
				CLANG_WARN_OBJC_IMPLICIT_RETAIN_SELF = YES;
				CLANG_WARN_OBJC_LITERAL_CONVERSION = YES;
				CLANG_WARN_OBJC_ROOT_CLASS = YES_ERROR;
				CLANG_WARN_QUOTED_INCLUDE_IN_FRAMEWORK_HEADER = YES;
				CLANG_WARN_RANGE_LOOP_ANALYSIS = YES;
				CLANG_WARN_STRICT_PROTOTYPES = YES;
				CLANG_WARN_SUSPICIOUS_MOVE = YES;
				CLANG_WARN_UNGUARDED_AVAILABILITY = YES_AGGRESSIVE;
				CLANG_WARN_UNREACHABLE_CODE = YES;
				CLANG_WARN__DUPLICATE_METHOD_MATCH = YES;
				COPY_PHASE_STRIP = NO;
				DEBUG_INFORMATION_FORMAT = dwarf;
				ENABLE_STRICT_OBJC_MSGSEND = YES;
				ENABLE_TESTABILITY = YES;
				ENABLE_USER_SCRIPT_SANDBOXING = YES;
				GCC_C_LANGUAGE_STANDARD = gnu17;
				GCC_DYNAMIC_NO_PIC = NO;
				GCC_NO_COMMON_BLOCKS = YES;
				GCC_OPTIMIZATION_LEVEL = 0;
				GCC_PREPROCESSOR_DEFINITIONS = (
					"DEBUG=1",
					"$(inherited)",
				);
				GCC_WARN_64_TO_32_BIT_CONVERSION = YES;
				GCC_WARN_ABOUT_RETURN_TYPE = YES_ERROR;
				GCC_WARN_UNDECLARED_SELECTOR = YES;
				GCC_WARN_UNINITIALIZED_AUTOS = YES_AGGRESSIVE;
				GCC_WARN_UNUSED_FUNCTION = YES;
				GCC_WARN_UNUSED_VARIABLE = YES;
				IPHONEOS_DEPLOYMENT_TARGET = 15.0;
				LOCALIZATION_PREFERS_STRING_CATALOGS = YES;
				MTL_ENABLE_DEBUG_INFO = INCLUDE_SOURCE;
				MTL_FAST_MATH = YES;
				ONLY_ACTIVE_ARCH = YES;
				SDKROOT = iphoneos;
				SWIFT_ACTIVE_COMPILATION_CONDITIONS = "DEBUG $(inherited)";
				SWIFT_OPTIMIZATION_LEVEL = "-Onone";
			};
			name = Debug;
		};
		5639273E2B3EAE1A00A88D43 /* Release */ = {
			isa = XCBuildConfiguration;
			buildSettings = {
				ALWAYS_SEARCH_USER_PATHS = NO;
				ASSETCATALOG_COMPILER_GENERATE_SWIFT_ASSET_SYMBOL_EXTENSIONS = YES;
				CLANG_ANALYZER_NONNULL = YES;
				CLANG_ANALYZER_NUMBER_OBJECT_CONVERSION = YES_AGGRESSIVE;
				CLANG_CXX_LANGUAGE_STANDARD = "gnu++20";
				CLANG_ENABLE_MODULES = YES;
				CLANG_ENABLE_OBJC_ARC = YES;
				CLANG_ENABLE_OBJC_WEAK = YES;
				CLANG_WARN_BLOCK_CAPTURE_AUTORELEASING = YES;
				CLANG_WARN_BOOL_CONVERSION = YES;
				CLANG_WARN_COMMA = YES;
				CLANG_WARN_CONSTANT_CONVERSION = YES;
				CLANG_WARN_DEPRECATED_OBJC_IMPLEMENTATIONS = YES;
				CLANG_WARN_DIRECT_OBJC_ISA_USAGE = YES_ERROR;
				CLANG_WARN_DOCUMENTATION_COMMENTS = YES;
				CLANG_WARN_EMPTY_BODY = YES;
				CLANG_WARN_ENUM_CONVERSION = YES;
				CLANG_WARN_INFINITE_RECURSION = YES;
				CLANG_WARN_INT_CONVERSION = YES;
				CLANG_WARN_NON_LITERAL_NULL_CONVERSION = YES;
				CLANG_WARN_OBJC_IMPLICIT_RETAIN_SELF = YES;
				CLANG_WARN_OBJC_LITERAL_CONVERSION = YES;
				CLANG_WARN_OBJC_ROOT_CLASS = YES_ERROR;
				CLANG_WARN_QUOTED_INCLUDE_IN_FRAMEWORK_HEADER = YES;
				CLANG_WARN_RANGE_LOOP_ANALYSIS = YES;
				CLANG_WARN_STRICT_PROTOTYPES = YES;
				CLANG_WARN_SUSPICIOUS_MOVE = YES;
				CLANG_WARN_UNGUARDED_AVAILABILITY = YES_AGGRESSIVE;
				CLANG_WARN_UNREACHABLE_CODE = YES;
				CLANG_WARN__DUPLICATE_METHOD_MATCH = YES;
				COPY_PHASE_STRIP = NO;
				DEBUG_INFORMATION_FORMAT = "dwarf-with-dsym";
				ENABLE_NS_ASSERTIONS = NO;
				ENABLE_STRICT_OBJC_MSGSEND = YES;
				ENABLE_USER_SCRIPT_SANDBOXING = YES;
				GCC_C_LANGUAGE_STANDARD = gnu17;
				GCC_NO_COMMON_BLOCKS = YES;
				GCC_WARN_64_TO_32_BIT_CONVERSION = YES;
				GCC_WARN_ABOUT_RETURN_TYPE = YES_ERROR;
				GCC_WARN_UNDECLARED_SELECTOR = YES;
				GCC_WARN_UNINITIALIZED_AUTOS = YES_AGGRESSIVE;
				GCC_WARN_UNUSED_FUNCTION = YES;
				GCC_WARN_UNUSED_VARIABLE = YES;
				IPHONEOS_DEPLOYMENT_TARGET = 15.0;
				LOCALIZATION_PREFERS_STRING_CATALOGS = YES;
				MTL_ENABLE_DEBUG_INFO = NO;
				MTL_FAST_MATH = YES;
				SDKROOT = iphoneos;
				SWIFT_COMPILATION_MODE = wholemodule;
				VALIDATE_PRODUCT = YES;
			};
			name = Release;
		};
		563927402B3EAE1A00A88D43 /* Debug */ = {
			isa = XCBuildConfiguration;
			buildSettings = {
				ASSETCATALOG_COMPILER_APPICON_NAME = AppIcon;
				ASSETCATALOG_COMPILER_GLOBAL_ACCENT_COLOR_NAME = AccentColor;
				CODE_SIGN_STYLE = Automatic;
				CURRENT_PROJECT_VERSION = 1;
				DEVELOPMENT_TEAM = 7WULLR98GP;
				GENERATE_INFOPLIST_FILE = YES;
				INFOPLIST_FILE = HowsTheWear/Info.plist;
				INFOPLIST_KEY_UIApplicationSupportsIndirectInputEvents = YES;
				INFOPLIST_KEY_UILaunchStoryboardName = LaunchScreen;
				INFOPLIST_KEY_UISupportedInterfaceOrientations = UIInterfaceOrientationPortrait;
				IPHONEOS_DEPLOYMENT_TARGET = 15.0;
				LD_RUNPATH_SEARCH_PATHS = (
					"$(inherited)",
					"@executable_path/Frameworks",
				);
				MARKETING_VERSION = 1.0;
				PRODUCT_BUNDLE_IDENTIFIER = HTW.HowsTheWear;
				PRODUCT_NAME = "$(TARGET_NAME)";
				SWIFT_EMIT_LOC_STRINGS = YES;
				SWIFT_VERSION = 5.0;
				TARGETED_DEVICE_FAMILY = "1,2";
			};
			name = Debug;
		};
		563927412B3EAE1A00A88D43 /* Release */ = {
			isa = XCBuildConfiguration;
			buildSettings = {
				ASSETCATALOG_COMPILER_APPICON_NAME = AppIcon;
				ASSETCATALOG_COMPILER_GLOBAL_ACCENT_COLOR_NAME = AccentColor;
				CODE_SIGN_STYLE = Automatic;
				CURRENT_PROJECT_VERSION = 1;
				DEVELOPMENT_TEAM = 7WULLR98GP;
				GENERATE_INFOPLIST_FILE = YES;
				INFOPLIST_FILE = HowsTheWear/Info.plist;
				INFOPLIST_KEY_UIApplicationSupportsIndirectInputEvents = YES;
				INFOPLIST_KEY_UILaunchStoryboardName = LaunchScreen;
				INFOPLIST_KEY_UISupportedInterfaceOrientations = UIInterfaceOrientationPortrait;
				IPHONEOS_DEPLOYMENT_TARGET = 15.0;
				LD_RUNPATH_SEARCH_PATHS = (
					"$(inherited)",
					"@executable_path/Frameworks",
				);
				MARKETING_VERSION = 1.0;
				PRODUCT_BUNDLE_IDENTIFIER = HTW.HowsTheWear;
				PRODUCT_NAME = "$(TARGET_NAME)";
				SWIFT_EMIT_LOC_STRINGS = YES;
				SWIFT_VERSION = 5.0;
				TARGETED_DEVICE_FAMILY = "1,2";
			};
			name = Release;
		};
/* End XCBuildConfiguration section */

/* Begin XCConfigurationList section */
		563927262B3EAE1900A88D43 /* Build configuration list for PBXProject "HowsTheWear" */ = {
			isa = XCConfigurationList;
			buildConfigurations = (
				5639273D2B3EAE1A00A88D43 /* Debug */,
				5639273E2B3EAE1A00A88D43 /* Release */,
			);
			defaultConfigurationIsVisible = 0;
			defaultConfigurationName = Release;
		};
		5639273F2B3EAE1A00A88D43 /* Build configuration list for PBXNativeTarget "HowsTheWear" */ = {
			isa = XCConfigurationList;
			buildConfigurations = (
				563927402B3EAE1A00A88D43 /* Debug */,
				563927412B3EAE1A00A88D43 /* Release */,
			);
			defaultConfigurationIsVisible = 0;
			defaultConfigurationName = Release;
		};
/* End XCConfigurationList section */

/* Begin XCRemoteSwiftPackageReference section */
		563927452B3EB8CE00A88D43 /* XCRemoteSwiftPackageReference "Then" */ = {
			isa = XCRemoteSwiftPackageReference;
			repositoryURL = "https://github.com/devxoul/Then.git";
			requirement = {
				kind = upToNextMajorVersion;
				minimumVersion = 3.0.0;
			};
		};
		563927482B3EB90A00A88D43 /* XCRemoteSwiftPackageReference "SnapKit" */ = {
			isa = XCRemoteSwiftPackageReference;
			repositoryURL = "https://github.com/SnapKit/SnapKit.git";
			requirement = {
				kind = upToNextMajorVersion;
				minimumVersion = 5.0.0;
			};
		};
/* End XCRemoteSwiftPackageReference section */

/* Begin XCSwiftPackageProductDependency section */
		563927462B3EB8CE00A88D43 /* Then */ = {
			isa = XCSwiftPackageProductDependency;
			package = 563927452B3EB8CE00A88D43 /* XCRemoteSwiftPackageReference "Then" */;
			productName = Then;
		};
		563927492B3EB90A00A88D43 /* SnapKit */ = {
			isa = XCSwiftPackageProductDependency;
			package = 563927482B3EB90A00A88D43 /* XCRemoteSwiftPackageReference "SnapKit" */;
			productName = SnapKit;
		};
		5639274B2B3EB90A00A88D43 /* SnapKit-Dynamic */ = {
			isa = XCSwiftPackageProductDependency;
			package = 563927482B3EB90A00A88D43 /* XCRemoteSwiftPackageReference "SnapKit" */;
			productName = "SnapKit-Dynamic";
		};
/* End XCSwiftPackageProductDependency section */
	};
	rootObject = 563927232B3EAE1900A88D43 /* Project object */;
}
